// !$*UTF8*$!
{
	archiveVersion = 1;
	classes = {
	};
	objectVersion = 46;
	objects = {

/* Begin PBXBuildFile section */
		A40C66091E707A2300270F33 /* PokeCell.swift in Sources */ = {isa = PBXBuildFile; fileRef = A40C66081E707A2300270F33 /* PokeCell.swift */; };
		A40C660B1E70985300270F33 /* csv.swift in Sources */ = {isa = PBXBuildFile; fileRef = A40C660A1E70985300270F33 /* csv.swift */; };
		A40C660E1E709CDB00270F33 /* pokemon.ttf in Resources */ = {isa = PBXBuildFile; fileRef = A40C660D1E709CDB00270F33 /* pokemon.ttf */; };
		A40C66131E709FF000270F33 /* music.mp3 in Resources */ = {isa = PBXBuildFile; fileRef = A40C66111E709FF000270F33 /* music.mp3 */; };
		A40C66141E709FF000270F33 /* music.png in Resources */ = {isa = PBXBuildFile; fileRef = A40C66121E709FF000270F33 /* music.png */; };
		A40C66161E70A63D00270F33 /* HighlightedButtonExt.swift in Sources */ = {isa = PBXBuildFile; fileRef = A40C66151E70A63D00270F33 /* HighlightedButtonExt.swift */; };
		A40C66181E70ADA400270F33 /* HexColorExt.swift in Sources */ = {isa = PBXBuildFile; fileRef = A40C66171E70ADA400270F33 /* HexColorExt.swift */; };
		A40C661A1E70B70C00270F33 /* HideKeybordExt.swift in Sources */ = {isa = PBXBuildFile; fileRef = A40C66191E70B70C00270F33 /* HideKeybordExt.swift */; };
		A4D3B3241E706BFA00C99232 /* AppDelegate.swift in Sources */ = {isa = PBXBuildFile; fileRef = A4D3B3231E706BFA00C99232 /* AppDelegate.swift */; };
		A4D3B3261E706BFA00C99232 /* ViewController.swift in Sources */ = {isa = PBXBuildFile; fileRef = A4D3B3251E706BFA00C99232 /* ViewController.swift */; };
		A4D3B3291E706BFA00C99232 /* Main.storyboard in Resources */ = {isa = PBXBuildFile; fileRef = A4D3B3271E706BFA00C99232 /* Main.storyboard */; };
		A4D3B32B1E706BFA00C99232 /* Assets.xcassets in Resources */ = {isa = PBXBuildFile; fileRef = A4D3B32A1E706BFA00C99232 /* Assets.xcassets */; };
		A4D3B32E1E706BFA00C99232 /* LaunchScreen.storyboard in Resources */ = {isa = PBXBuildFile; fileRef = A4D3B32C1E706BFA00C99232 /* LaunchScreen.storyboard */; };
		A4D3B3361E70705200C99232 /* pokemon.csv in Resources */ = {isa = PBXBuildFile; fileRef = A4D3B3351E70705200C99232 /* pokemon.csv */; };
		A4D3B3391E7071D400C99232 /* Pokemon.swift in Sources */ = {isa = PBXBuildFile; fileRef = A4D3B3381E7071D400C99232 /* Pokemon.swift */; };
/* End PBXBuildFile section */

/* Begin PBXFileReference section */
		A40C66081E707A2300270F33 /* PokeCell.swift */ = {isa = PBXFileReference; fileEncoding = 4; lastKnownFileType = sourcecode.swift; path = PokeCell.swift; sourceTree = "<group>"; };
		A40C660A1E70985300270F33 /* csv.swift */ = {isa = PBXFileReference; fileEncoding = 4; lastKnownFileType = sourcecode.swift; path = csv.swift; sourceTree = "<group>"; };
		A40C660D1E709CDB00270F33 /* pokemon.ttf */ = {isa = PBXFileReference; lastKnownFileType = file; path = pokemon.ttf; sourceTree = "<group>"; };
		A40C66111E709FF000270F33 /* music.mp3 */ = {isa = PBXFileReference; lastKnownFileType = audio.mp3; path = music.mp3; sourceTree = "<group>"; };
		A40C66121E709FF000270F33 /* music.png */ = {isa = PBXFileReference; lastKnownFileType = image.png; path = music.png; sourceTree = "<group>"; };
		A40C66151E70A63D00270F33 /* HighlightedButtonExt.swift */ = {isa = PBXFileReference; fileEncoding = 4; lastKnownFileType = sourcecode.swift; path = HighlightedButtonExt.swift; sourceTree = "<group>"; };
		A40C66171E70ADA400270F33 /* HexColorExt.swift */ = {isa = PBXFileReference; fileEncoding = 4; lastKnownFileType = sourcecode.swift; path = HexColorExt.swift; sourceTree = "<group>"; };
		A40C66191E70B70C00270F33 /* HideKeybordExt.swift */ = {isa = PBXFileReference; fileEncoding = 4; lastKnownFileType = sourcecode.swift; path = HideKeybordExt.swift; sourceTree = "<group>"; };
		A4D3B3201E706BFA00C99232 /* pokedex.app */ = {isa = PBXFileReference; explicitFileType = wrapper.application; includeInIndex = 0; path = pokedex.app; sourceTree = BUILT_PRODUCTS_DIR; };
		A4D3B3231E706BFA00C99232 /* AppDelegate.swift */ = {isa = PBXFileReference; lastKnownFileType = sourcecode.swift; path = AppDelegate.swift; sourceTree = "<group>"; };
		A4D3B3251E706BFA00C99232 /* ViewController.swift */ = {isa = PBXFileReference; lastKnownFileType = sourcecode.swift; path = ViewController.swift; sourceTree = "<group>"; };
		A4D3B3281E706BFA00C99232 /* Base */ = {isa = PBXFileReference; lastKnownFileType = file.storyboard; name = Base; path = Base.lproj/Main.storyboard; sourceTree = "<group>"; };
		A4D3B32A1E706BFA00C99232 /* Assets.xcassets */ = {isa = PBXFileReference; lastKnownFileType = folder.assetcatalog; path = Assets.xcassets; sourceTree = "<group>"; };
		A4D3B32D1E706BFA00C99232 /* Base */ = {isa = PBXFileReference; lastKnownFileType = file.storyboard; name = Base; path = Base.lproj/LaunchScreen.storyboard; sourceTree = "<group>"; };
		A4D3B32F1E706BFA00C99232 /* Info.plist */ = {isa = PBXFileReference; lastKnownFileType = text.plist.xml; path = Info.plist; sourceTree = "<group>"; };
		A4D3B3351E70705200C99232 /* pokemon.csv */ = {isa = PBXFileReference; fileEncoding = 4; lastKnownFileType = text; path = pokemon.csv; sourceTree = "<group>"; };
		A4D3B3381E7071D400C99232 /* Pokemon.swift */ = {isa = PBXFileReference; fileEncoding = 4; lastKnownFileType = sourcecode.swift; path = Pokemon.swift; sourceTree = "<group>"; };
/* End PBXFileReference section */

/* Begin PBXFrameworksBuildPhase section */
		A4D3B31D1E706BFA00C99232 /* Frameworks */ = {
			isa = PBXFrameworksBuildPhase;
			buildActionMask = 2147483647;
			files = (
			);
			runOnlyForDeploymentPostprocessing = 0;
		};
/* End PBXFrameworksBuildPhase section */

/* Begin PBXGroup section */
		A40C66071E707A0600270F33 /* View */ = {
			isa = PBXGroup;
			children = (
				A40C66081E707A2300270F33 /* PokeCell.swift */,
			);
			name = View;
			sourceTree = "<group>";
		};
		A40C660C1E7098C300270F33 /* Utilities */ = {
			isa = PBXGroup;
			children = (
				A40C660A1E70985300270F33 /* csv.swift */,
				A40C66151E70A63D00270F33 /* HighlightedButtonExt.swift */,
				A40C66171E70ADA400270F33 /* HexColorExt.swift */,
				A40C66191E70B70C00270F33 /* HideKeybordExt.swift */,
			);
			name = Utilities;
			sourceTree = "<group>";
		};
		A40C660F1E709DE700270F33 /* Controller */ = {
			isa = PBXGroup;
			children = (
				A4D3B3251E706BFA00C99232 /* ViewController.swift */,
			);
			name = Controller;
			sourceTree = "<group>";
		};
		A40C66101E709DF000270F33 /* Resources */ = {
			isa = PBXGroup;
			children = (
				A40C66111E709FF000270F33 /* music.mp3 */,
				A40C66121E709FF000270F33 /* music.png */,
				A4D3B3351E70705200C99232 /* pokemon.csv */,
				A40C660D1E709CDB00270F33 /* pokemon.ttf */,
			);
			name = Resources;
			sourceTree = "<group>";
		};
		A4D3B3171E706BFA00C99232 = {
			isa = PBXGroup;
			children = (
				A4D3B3221E706BFA00C99232 /* pokedex */,
				A4D3B3211E706BFA00C99232 /* Products */,
			);
			sourceTree = "<group>";
		};
		A4D3B3211E706BFA00C99232 /* Products */ = {
			isa = PBXGroup;
			children = (
				A4D3B3201E706BFA00C99232 /* pokedex.app */,
			);
			name = Products;
			sourceTree = "<group>";
		};
		A4D3B3221E706BFA00C99232 /* pokedex */ = {
			isa = PBXGroup;
			children = (
				A4D3B3371E7071C500C99232 /* Model */,
				A40C66071E707A0600270F33 /* View */,
				A40C660F1E709DE700270F33 /* Controller */,
				A40C66101E709DF000270F33 /* Resources */,
				A40C660C1E7098C300270F33 /* Utilities */,
				A4D3B3231E706BFA00C99232 /* AppDelegate.swift */,
				A4D3B3271E706BFA00C99232 /* Main.storyboard */,
				A4D3B32A1E706BFA00C99232 /* Assets.xcassets */,
				A4D3B32C1E706BFA00C99232 /* LaunchScreen.storyboard */,
				A4D3B32F1E706BFA00C99232 /* Info.plist */,
			);
			path = pokedex;
			sourceTree = "<group>";
		};
		A4D3B3371E7071C500C99232 /* Model */ = {
			isa = PBXGroup;
			children = (
				A4D3B3381E7071D400C99232 /* Pokemon.swift */,
			);
			name = Model;
			sourceTree = "<group>";
		};
/* End PBXGroup section */

/* Begin PBXNativeTarget section */
		A4D3B31F1E706BFA00C99232 /* pokedex */ = {
			isa = PBXNativeTarget;
			buildConfigurationList = A4D3B3321E706BFA00C99232 /* Build configuration list for PBXNativeTarget "pokedex" */;
			buildPhases = (
				A4D3B31C1E706BFA00C99232 /* Sources */,
				A4D3B31D1E706BFA00C99232 /* Frameworks */,
				A4D3B31E1E706BFA00C99232 /* Resources */,
			);
			buildRules = (
			);
			dependencies = (
			);
			name = pokedex;
			productName = pokedex;
			productReference = A4D3B3201E706BFA00C99232 /* pokedex.app */;
			productType = "com.apple.product-type.application";
		};
/* End PBXNativeTarget section */

/* Begin PBXProject section */
		A4D3B3181E706BFA00C99232 /* Project object */ = {
			isa = PBXProject;
			attributes = {
				LastSwiftUpdateCheck = 0820;
				LastUpgradeCheck = 0820;
				ORGANIZATIONNAME = "Ernesto Gonzalez";
				TargetAttributes = {
					A4D3B31F1E706BFA00C99232 = {
						CreatedOnToolsVersion = 8.2.1;
						DevelopmentTeam = D4QXRCR7TH;
						LastSwiftMigration = 0820;
						ProvisioningStyle = Automatic;
					};
				};
			};
			buildConfigurationList = A4D3B31B1E706BFA00C99232 /* Build configuration list for PBXProject "pokedex" */;
			compatibilityVersion = "Xcode 3.2";
			developmentRegion = English;
			hasScannedForEncodings = 0;
			knownRegions = (
				en,
				Base,
			);
			mainGroup = A4D3B3171E706BFA00C99232;
			productRefGroup = A4D3B3211E706BFA00C99232 /* Products */;
			projectDirPath = "";
			projectRoot = "";
			targets = (
				A4D3B31F1E706BFA00C99232 /* pokedex */,
			);
		};
/* End PBXProject section */

/* Begin PBXResourcesBuildPhase section */
		A4D3B31E1E706BFA00C99232 /* Resources */ = {
			isa = PBXResourcesBuildPhase;
			buildActionMask = 2147483647;
			files = (
				A40C660E1E709CDB00270F33 /* pokemon.ttf in Resources */,
				A40C66141E709FF000270F33 /* music.png in Resources */,
				A4D3B32E1E706BFA00C99232 /* LaunchScreen.storyboard in Resources */,
				A40C66131E709FF000270F33 /* music.mp3 in Resources */,
				A4D3B32B1E706BFA00C99232 /* Assets.xcassets in Resources */,
				A4D3B3361E70705200C99232 /* pokemon.csv in Resources */,
				A4D3B3291E706BFA00C99232 /* Main.storyboard in Resources */,
			);
			runOnlyForDeploymentPostprocessing = 0;
		};
/* End PBXResourcesBuildPhase section */

/* Begin PBXSourcesBuildPhase section */
		A4D3B31C1E706BFA00C99232 /* Sources */ = {
			isa = PBXSourcesBuildPhase;
			buildActionMask = 2147483647;
			files = (
				A40C66091E707A2300270F33 /* PokeCell.swift in Sources */,
				A4D3B3261E706BFA00C99232 /* ViewController.swift in Sources */,
				A40C661A1E70B70C00270F33 /* HideKeybordExt.swift in Sources */,
				A40C66181E70ADA400270F33 /* HexColorExt.swift in Sources */,
				A40C66161E70A63D00270F33 /* HighlightedButtonExt.swift in Sources */,
				A4D3B3241E706BFA00C99232 /* AppDelegate.swift in Sources */,
				A4D3B3391E7071D400C99232 /* Pokemon.swift in Sources */,
				A40C660B1E70985300270F33 /* csv.swift in Sources */,
			);
			runOnlyForDeploymentPostprocessing = 0;
		};
/* End PBXSourcesBuildPhase section */

/* Begin PBXVariantGroup section */
		A4D3B3271E706BFA00C99232 /* Main.storyboard */ = {
			isa = PBXVariantGroup;
			children = (
				A4D3B3281E706BFA00C99232 /* Base */,
			);
			name = Main.storyboard;
			sourceTree = "<group>";
		};
		A4D3B32C1E706BFA00C99232 /* LaunchScreen.storyboard */ = {
			isa = PBXVariantGroup;
			children = (
				A4D3B32D1E706BFA00C99232 /* Base */,
			);
			name = LaunchScreen.storyboard;
			sourceTree = "<group>";
		};
/* End PBXVariantGroup section */

/* Begin XCBuildConfiguration section */
		A4D3B3301E706BFA00C99232 /* Debug */ = {
			isa = XCBuildConfiguration;
			buildSettings = {
				ALWAYS_SEARCH_USER_PATHS = NO;
				CLANG_ANALYZER_NONNULL = YES;
				CLANG_CXX_LANGUAGE_STANDARD = "gnu++0x";
				CLANG_CXX_LIBRARY = "libc++";
				CLANG_ENABLE_MODULES = YES;
				CLANG_ENABLE_OBJC_ARC = YES;
				CLANG_WARN_BOOL_CONVERSION = YES;
				CLANG_WARN_CONSTANT_CONVERSION = YES;
				CLANG_WARN_DIRECT_OBJC_ISA_USAGE = YES_ERROR;
				CLANG_WARN_DOCUMENTATION_COMMENTS = YES;
				CLANG_WARN_EMPTY_BODY = YES;
				CLANG_WARN_ENUM_CONVERSION = YES;
				CLANG_WARN_INFINITE_RECURSION = YES;
				CLANG_WARN_INT_CONVERSION = YES;
				CLANG_WARN_OBJC_ROOT_CLASS = YES_ERROR;
				CLANG_WARN_SUSPICIOUS_MOVE = YES;
				CLANG_WARN_UNREACHABLE_CODE = YES;
				CLANG_WARN__DUPLICATE_METHOD_MATCH = YES;
				"CODE_SIGN_IDENTITY[sdk=iphoneos*]" = "iPhone Developer";
				COPY_PHASE_STRIP = NO;
				DEBUG_INFORMATION_FORMAT = dwarf;
				ENABLE_STRICT_OBJC_MSGSEND = YES;
				ENABLE_TESTABILITY = YES;
				GCC_C_LANGUAGE_STANDARD = gnu99;
				GCC_DYNAMIC_NO_PIC = NO;
				GCC_NO_COMMON_BLOCKS = YES;
				GCC_OPTIMIZATION_LEVEL = 0;
				GCC_PREPROCESSOR_DEFINITIONS = (
					"DEBUG=1",
					"$(inherited)",
				);
				GCC_WARN_64_TO_32_BIT_CONVERSION = YES;
				GCC_WARN_ABOUT_RETURN_TYPE = YES_ERROR;
				GCC_WARN_UNDECLARED_SELECTOR = YES;
				GCC_WARN_UNINITIALIZED_AUTOS = YES_AGGRESSIVE;
				GCC_WARN_UNUSED_FUNCTION = YES;
				GCC_WARN_UNUSED_VARIABLE = YES;
				IPHONEOS_DEPLOYMENT_TARGET = 10.2;
				MTL_ENABLE_DEBUG_INFO = YES;
				ONLY_ACTIVE_ARCH = YES;
				SDKROOT = iphoneos;
				SWIFT_ACTIVE_COMPILATION_CONDITIONS = DEBUG;
				SWIFT_OPTIMIZATION_LEVEL = "-Onone";
			};
			name = Debug;
		};
		A4D3B3311E706BFA00C99232 /* Release */ = {
			isa = XCBuildConfiguration;
			buildSettings = {
				ALWAYS_SEARCH_USER_PATHS = NO;
				CLANG_ANALYZER_NONNULL = YES;
				CLANG_CXX_LANGUAGE_STANDARD = "gnu++0x";
				CLANG_CXX_LIBRARY = "libc++";
				CLANG_ENABLE_MODULES = YES;
				CLANG_ENABLE_OBJC_ARC = YES;
				CLANG_WARN_BOOL_CONVERSION = YES;
				CLANG_WARN_CONSTANT_CONVERSION = YES;
				CLANG_WARN_DIRECT_OBJC_ISA_USAGE = YES_ERROR;
				CLANG_WARN_DOCUMENTATION_COMMENTS = YES;
				CLANG_WARN_EMPTY_BODY = YES;
				CLANG_WARN_ENUM_CONVERSION = YES;
				CLANG_WARN_INFINITE_RECURSION = YES;
				CLANG_WARN_INT_CONVERSION = YES;
				CLANG_WARN_OBJC_ROOT_CLASS = YES_ERROR;
				CLANG_WARN_SUSPICIOUS_MOVE = YES;
				CLANG_WARN_UNREACHABLE_CODE = YES;
				CLANG_WARN__DUPLICATE_METHOD_MATCH = YES;
				"CODE_SIGN_IDENTITY[sdk=iphoneos*]" = "iPhone Developer";
				COPY_PHASE_STRIP = NO;
				DEBUG_INFORMATION_FORMAT = "dwarf-with-dsym";
				ENABLE_NS_ASSERTIONS = NO;
				ENABLE_STRICT_OBJC_MSGSEND = YES;
				GCC_C_LANGUAGE_STANDARD = gnu99;
				GCC_NO_COMMON_BLOCKS = YES;
				GCC_WARN_64_TO_32_BIT_CONVERSION = YES;
				GCC_WARN_ABOUT_RETURN_TYPE = YES_ERROR;
				GCC_WARN_UNDECLARED_SELECTOR = YES;
				GCC_WARN_UNINITIALIZED_AUTOS = YES_AGGRESSIVE;
				GCC_WARN_UNUSED_FUNCTION = YES;
				GCC_WARN_UNUSED_VARIABLE = YES;
				IPHONEOS_DEPLOYMENT_TARGET = 10.2;
				MTL_ENABLE_DEBUG_INFO = NO;
				SDKROOT = iphoneos;
				SWIFT_OPTIMIZATION_LEVEL = "-Owholemodule";
				VALIDATE_PRODUCT = YES;
			};
			name = Release;
		};
		A4D3B3331E706BFA00C99232 /* Debug */ = {
			isa = XCBuildConfiguration;
			buildSettings = {
				ASSETCATALOG_COMPILER_APPICON_NAME = AppIcon;
				DEVELOPMENT_TEAM = D4QXRCR7TH;
				INFOPLIST_FILE = pokedex/Info.plist;
				LD_RUNPATH_SEARCH_PATHS = "$(inherited) @executable_path/Frameworks";
				PRODUCT_BUNDLE_IDENTIFIER = com.ernestogonzalez.pokedex;
				PRODUCT_NAME = "$(TARGET_NAME)";
				SWIFT_VERSION = 3.0;
			};
			name = Debug;
		};
		A4D3B3341E706BFA00C99232 /* Release */ = {
			isa = XCBuildConfiguration;
			buildSettings = {
				ASSETCATALOG_COMPILER_APPICON_NAME = AppIcon;
				DEVELOPMENT_TEAM = D4QXRCR7TH;
				INFOPLIST_FILE = pokedex/Info.plist;
				LD_RUNPATH_SEARCH_PATHS = "$(inherited) @executable_path/Frameworks";
				PRODUCT_BUNDLE_IDENTIFIER = com.ernestogonzalez.pokedex;
				PRODUCT_NAME = "$(TARGET_NAME)";
				SWIFT_VERSION = 3.0;
			};
			name = Release;
		};
/* End XCBuildConfiguration section */

/* Begin XCConfigurationList section */
		A4D3B31B1E706BFA00C99232 /* Build configuration list for PBXProject "pokedex" */ = {
			isa = XCConfigurationList;
			buildConfigurations = (
				A4D3B3301E706BFA00C99232 /* Debug */,
				A4D3B3311E706BFA00C99232 /* Release */,
			);
			defaultConfigurationIsVisible = 0;
			defaultConfigurationName = Release;
		};
		A4D3B3321E706BFA00C99232 /* Build configuration list for PBXNativeTarget "pokedex" */ = {
			isa = XCConfigurationList;
			buildConfigurations = (
				A4D3B3331E706BFA00C99232 /* Debug */,
				A4D3B3341E706BFA00C99232 /* Release */,
			);
			defaultConfigurationIsVisible = 0;
			defaultConfigurationName = Release;
		};
/* End XCConfigurationList section */
	};
	rootObject = A4D3B3181E706BFA00C99232 /* Project object */;
}
